
Microsoft Visual Studio Solution File, Format Version 12.00
# Visual Studio Version 17
VisualStudioVersion = 17.7.34031.279
MinimumVisualStudioVersion = 10.0.40219.1
Project("{FAE04EC0-301F-11D3-BF4B-00C04F79EFBC}") = "DAL", "DAL\DAL.csproj", "{49031CCA-2D9E-43E3-98AF-10DD24C7158F}"
EndProject
Project("{FAE04EC0-301F-11D3-BF4B-00C04F79EFBC}") = "GUI", "GUI\GUI.csproj", "{AEFC46C0-26AD-4F81-9575-A3A3FE664EAA}"
EndProject
Project("{FAE04EC0-301F-11D3-BF4B-00C04F79EFBC}") = "DesignControl", "DesignControl\DesignControl.csproj", "{716BCE45-4EDC-4FD0-93E6-6395DDBB7B1A}"
EndProject
Global
	GlobalSection(SolutionConfigurationPlatforms) = preSolution
		Debug|Any CPU = Debug|Any CPU
		Release|Any CPU = Release|Any CPU
	EndGlobalSection
	GlobalSection(ProjectConfigurationPlatforms) = postSolution
		{49031CCA-2D9E-43E3-98AF-10DD24C7158F}.Debug|Any CPU.ActiveCfg = Debug|Any CPU
		{49031CCA-2D9E-43E3-98AF-10DD24C7158F}.Debug|Any CPU.Build.0 = Debug|Any CPU
		{49031CCA-2D9E-43E3-98AF-10DD24C7158F}.Release|Any CPU.ActiveCfg = Release|Any CPU
		{49031CCA-2D9E-43E3-98AF-10DD24C7158F}.Release|Any CPU.Build.0 = Release|Any CPU
		{AEFC46C0-26AD-4F81-9575-A3A3FE664EAA}.Debug|Any CPU.ActiveCfg = Debug|Any CPU
		{AEFC46C0-26AD-4F81-9575-A3A3FE664EAA}.Debug|Any CPU.Build.0 = Debug|Any CPU
		{AEFC46C0-26AD-4F81-9575-A3A3FE664EAA}.Release|Any CPU.ActiveCfg = Release|Any CPU
		{AEFC46C0-26AD-4F81-9575-A3A3FE664EAA}.Release|Any CPU.Build.0 = Release|Any CPU
		{716BCE45-4EDC-4FD0-93E6-6395DDBB7B1A}.Debug|Any CPU.ActiveCfg = Debug|Any CPU
		{716BCE45-4EDC-4FD0-93E6-6395DDBB7B1A}.Debug|Any CPU.Build.0 = Debug|Any CPU
		{716BCE45-4EDC-4FD0-93E6-6395DDBB7B1A}.Release|Any CPU.ActiveCfg = Release|Any CPU
		{716BCE45-4EDC-4FD0-93E6-6395DDBB7B1A}.Release|Any CPU.Build.0 = Release|Any CPU
	EndGlobalSection
	GlobalSection(SolutionProperties) = preSolution
		HideSolutionNode = FALSE
	EndGlobalSection
	GlobalSection(ExtensibilityGlobals) = postSolution
		SolutionGuid = {00CC4760-43E7-4244-8E6D-33CF316C084C}
	EndGlobalSection
EndGlobal
